{
  "name": "@my-full-stack-app/my-backend/data-access-db",
  "version": "0.0.1",
  "lockfileVersion": 2,
  "requires": true,
  "packages": {
    "": {
      "name": "@my-full-stack-app/my-backend/data-access-db",
      "version": "0.0.1",
      "dependencies": {
        "@prisma/client": "^4.3.0"
      },
      "devDependencies": {
        "prisma": "^4.3.0"
      }
    },
    "node_modules/@prisma/client": {
      "version": "4.3.0",
      "resolved": "https://registry.npmjs.org/@prisma/client/-/client-4.3.0.tgz",
      "integrity": "sha512-xCjLAOIOqVdjD+UZbUwx5dFocUmdsrMQFe0jXUswTUgc76NOQVh0L7Z+FCkNCVVZ9RSBfEFX22061Sa02OuPAQ==",
      "hasInstallScript": true,
      "dependencies": {
        "@prisma/engines-version": "4.3.0-32.c875e43600dfe042452e0b868f7a48b817b9640b"
      },
      "engines": {
        "node": ">=14.17"
      },
      "peerDependencies": {
        "prisma": "*"
      },
      "peerDependenciesMeta": {
        "prisma": {
          "optional": true
        }
      }
    },
    "node_modules/@prisma/engines": {
      "version": "4.3.0",
      "resolved": "https://registry.npmjs.org/@prisma/engines/-/engines-4.3.0.tgz",
      "integrity": "sha512-JAyU7+QEpLkVtgVMYBSPQt9sUcgFqA/MdD4mK7yx+ZyDfHQlP+nT1rmqFPZ3MofR0mAha7nr3rx0ZNN46gLp9Q==",
      "devOptional": true,
      "hasInstallScript": true
    },
    "node_modules/@prisma/engines-version": {
      "version": "4.3.0-32.c875e43600dfe042452e0b868f7a48b817b9640b",
      "resolved": "https://registry.npmjs.org/@prisma/engines-version/-/engines-version-4.3.0-32.c875e43600dfe042452e0b868f7a48b817b9640b.tgz",
      "integrity": "sha512-8yWpXkQRmiSfsi2Wb/ZS5D3RFbeu/btL9Pm/gdF4phB0Lo5KGsDFMxFMgaD64mwED2nHc8ZaEJg/+4Jymb9Znw=="
    },
    "node_modules/prisma": {
      "version": "4.3.0",
      "resolved": "https://registry.npmjs.org/prisma/-/prisma-4.3.0.tgz",
      "integrity": "sha512-Ii588H5IsbSun5BwpNQwrayrHKecFEZ6wDoJ7nr2IsqlMblmkA1dextGBObsG9tg+aIVhTrNa7OAbhbvEfqhdQ==",
      "devOptional": true,
      "hasInstallScript": true,
      "dependencies": {
        "@prisma/engines": "4.3.0"
      },
      "bin": {
        "prisma": "build/index.js",
        "prisma2": "build/index.js"
      },
      "engines": {
        "node": ">=14.17"
      }
    }
  },
  "dependencies": {
    "@prisma/client": {
      "version": "4.3.0",
      "resolved": "https://registry.npmjs.org/@prisma/client/-/client-4.3.0.tgz",
      "integrity": "sha512-xCjLAOIOqVdjD+UZbUwx5dFocUmdsrMQFe0jXUswTUgc76NOQVh0L7Z+FCkNCVVZ9RSBfEFX22061Sa02OuPAQ==",
      "requires": {
        "@prisma/engines-version": "4.3.0-32.c875e43600dfe042452e0b868f7a48b817b9640b"
      }
    },
    "@prisma/engines": {
      "version": "4.3.0",
      "resolved": "https://registry.npmjs.org/@prisma/engines/-/engines-4.3.0.tgz",
      "integrity": "sha512-JAyU7+QEpLkVtgVMYBSPQt9sUcgFqA/MdD4mK7yx+ZyDfHQlP+nT1rmqFPZ3MofR0mAha7nr3rx0ZNN46gLp9Q==",
      "devOptional": true
    },
    "@prisma/engines-version": {
      "version": "4.3.0-32.c875e43600dfe042452e0b868f7a48b817b9640b",
      "resolved": "https://registry.npmjs.org/@prisma/engines-version/-/engines-version-4.3.0-32.c875e43600dfe042452e0b868f7a48b817b9640b.tgz",
      "integrity": "sha512-8yWpXkQRmiSfsi2Wb/ZS5D3RFbeu/btL9Pm/gdF4phB0Lo5KGsDFMxFMgaD64mwED2nHc8ZaEJg/+4Jymb9Znw=="
    },
    "prisma": {
      "version": "4.3.0",
      "resolved": "https://registry.npmjs.org/prisma/-/prisma-4.3.0.tgz",
      "integrity": "sha512-Ii588H5IsbSun5BwpNQwrayrHKecFEZ6wDoJ7nr2IsqlMblmkA1dextGBObsG9tg+aIVhTrNa7OAbhbvEfqhdQ==",
      "devOptional": true,
      "requires": {
        "@prisma/engines": "4.3.0"
      }
    }
  }
}
